
Microsoft Visual Studio Solution File, Format Version 12.00
# Visual Studio Version 17
VisualStudioVersion = 17.6.33829.357
MinimumVisualStudioVersion = 10.0.40219.1
Project("{FAE04EC0-301F-11D3-BF4B-00C04F79EFBC}") = "CmsShoppingCart", "CmsShoppingCart\CmsShoppingCart.csproj", "{23331765-6519-4D0C-A68E-FD1E73C7B816}"
EndProject
Global
	GlobalSection(SolutionConfigurationPlatforms) = preSolution
		Debug|Any CPU = Debug|Any CPU
		Release|Any CPU = Release|Any CPU
	EndGlobalSection
	GlobalSection(ProjectConfigurationPlatforms) = postSolution
		{23331765-6519-4D0C-A68E-FD1E73C7B816}.Debug|Any CPU.ActiveCfg = Debug|Any CPU
		{23331765-6519-4D0C-A68E-FD1E73C7B816}.Debug|Any CPU.Build.0 = Debug|Any CPU
		{23331765-6519-4D0C-A68E-FD1E73C7B816}.Release|Any CPU.ActiveCfg = Release|Any CPU
		{23331765-6519-4D0C-A68E-FD1E73C7B816}.Release|Any CPU.Build.0 = Release|Any CPU
	EndGlobalSection
	GlobalSection(SolutionProperties) = preSolution
		HideSolutionNode = FALSE
	EndGlobalSection
	GlobalSection(ExtensibilityGlobals) = postSolution
		SolutionGuid = {2A402B67-A1CC-4E03-91CA-1E1A42EF1FC7}
	EndGlobalSection
EndGlobal
